schema: '2.0'
stages:
  Data_Collection:
    cmd: python src/data_collection.py
    deps:
    - path: src/data_collection.py
      hash: md5
      md5: 5d3b4a953b05a169c757556dba3d3372
      size: 1246
    outs:
    - path: data/raw/test.csv
      hash: md5
      md5: 3b2bb40b6d4444789e27ad95cd833a45
      size: 104076
    - path: data/raw/train.csv
      hash: md5
      md5: aedc5dad6f23da8c1435614df438240d
      size: 414908
  Data_Preprocessing:
    cmd: python src/data_preprocessing.py
    deps:
    - path: data/raw/test.csv
      hash: md5
      md5: 3b2bb40b6d4444789e27ad95cd833a45
      size: 104076
    - path: data/raw/train.csv
      hash: md5
      md5: aedc5dad6f23da8c1435614df438240d
      size: 414908
    - path: src/data_preprocessing.py
      hash: md5
      md5: 438f937ad92e80bef3437e707af28081
      size: 955
    outs:
    - path: data/processed/test_processed.csv
      hash: md5
      md5: 862117b0903c7e9b569cee606af04a0b
      size: 104004
    - path: data/processed/train_processed.csv
      hash: md5
      md5: 01f96931d2dcb5ffaa59625ece79bee4
      size: 414604
  Model_Training:
    cmd: python src/model_training.py
    deps:
    - path: data/processed/test_processed.csv
      hash: md5
      md5: 862117b0903c7e9b569cee606af04a0b
      size: 104004
    - path: data/processed/train_processed.csv
      hash: md5
      md5: 01f96931d2dcb5ffaa59625ece79bee4
      size: 414604
    - path: src/model_training.py
      hash: md5
      md5: 0f97104984383e90e1961ad332a4bb52
      size: 482
    outs:
    - path: model.pkl
      hash: md5
      md5: 8535ed3b5d9894eb053d1e5751644730
      size: 7220323
  Evaluation:
    cmd: python src/model_evaluation.py
    deps:
    - path: model.pkl
      hash: md5
      md5: 8535ed3b5d9894eb053d1e5751644730
      size: 7220323
    - path: src/model_evaluation.py
      hash: md5
      md5: 7e7bc5a9a7f26f54f833483dc4cb7de5
      size: 889
    outs:
    - path: metrics.json
      hash: md5
      md5: 91e5eccfae30170b3015a9327491b6cf
      size: 142
